{
  "name": "word2vec-test",
  "version": "1.0.0",
  "lockfileVersion": 1,
  "requires": true,
  "dependencies": {
    "camel-case": {
      "version": "4.1.2",
      "resolved": "https://registry.npmjs.org/camel-case/-/camel-case-4.1.2.tgz",
      "integrity": "sha512-gxGWBrTT1JuMx6R+o5PTXMmUnhnVzLQ9SNutD4YqKtI6ap897t3tKECYla6gCWEkplXnlNybEkZg9GEGxKFCgw==",
      "requires": {
        "pascal-case": "^3.1.2",
        "tslib": "^2.0.3"
      }
    },
    "capital-case": {
      "version": "1.0.4",
      "resolved": "https://registry.npmjs.org/capital-case/-/capital-case-1.0.4.tgz",
      "integrity": "sha512-ds37W8CytHgwnhGGTi88pcPyR15qoNkOpYwmMMfnWqqWgESapLqvDx6huFjQ5vqWSn2Z06173XNA7LtMOeUh1A==",
      "requires": {
        "no-case": "^3.0.4",
        "tslib": "^2.0.3",
        "upper-case-first": "^2.0.2"
      }
    },
    "change-case": {
      "version": "4.1.2",
      "resolved": "https://registry.npmjs.org/change-case/-/change-case-4.1.2.tgz",
      "integrity": "sha512-bSxY2ws9OtviILG1EiY5K7NNxkqg/JnRnFxLtKQ96JaviiIxi7djMrSd0ECT9AC+lttClmYwKw53BWpOMblo7A==",
      "requires": {
        "camel-case": "^4.1.2",
        "capital-case": "^1.0.4",
        "constant-case": "^3.0.4",
        "dot-case": "^3.0.4",
        "header-case": "^2.0.4",
        "no-case": "^3.0.4",
        "param-case": "^3.0.4",
        "pascal-case": "^3.1.2",
        "path-case": "^3.0.4",
        "sentence-case": "^3.0.4",
        "snake-case": "^3.0.4",
        "tslib": "^2.0.3"
      }
    },
    "charm": {
      "version": "1.0.2",
      "resolved": "https://registry.npmjs.org/charm/-/charm-1.0.2.tgz",
      "integrity": "sha1-it02cVOm2aWBMxBSxAkJkdqZXjU=",
      "requires": {
        "inherits": "^2.0.1"
      }
    },
    "constant-case": {
      "version": "3.0.4",
      "resolved": "https://registry.npmjs.org/constant-case/-/constant-case-3.0.4.tgz",
      "integrity": "sha512-I2hSBi7Vvs7BEuJDr5dDHfzb/Ruj3FyvFyh7KLilAjNQw3Be+xgqUBA2W6scVEcL0hL1dwPRtIqEPVUCKkSsyQ==",
      "requires": {
        "no-case": "^3.0.4",
        "tslib": "^2.0.3",
        "upper-case": "^2.0.2"
      }
    },
    "dot-case": {
      "version": "3.0.4",
      "resolved": "https://registry.npmjs.org/dot-case/-/dot-case-3.0.4.tgz",
      "integrity": "sha512-Kv5nKlh6yRrdrGvxeJ2e5y2eRUpkUosIW4A2AS38zwSz27zu7ufDwQPi5Jhs3XAlGNetl3bmnGhQsMtkKJnj3w==",
      "requires": {
        "no-case": "^3.0.4",
        "tslib": "^2.0.3"
      }
    },
    "emitter-component": {
      "version": "1.1.1",
      "resolved": "https://registry.npmjs.org/emitter-component/-/emitter-component-1.1.1.tgz",
      "integrity": "sha1-Bl4tvtaVm/RwZ57avq95gdEAOrY="
    },
    "fs-extra": {
      "version": "10.0.1",
      "resolved": "https://registry.npmjs.org/fs-extra/-/fs-extra-10.0.1.tgz",
      "integrity": "sha512-NbdoVMZso2Lsrn/QwLXOy6rm0ufY2zEOKCDzJR/0kBsb0E6qed0P3iYK+Ath3BfvXEeu4JhEtXLgILx5psUfag==",
      "requires": {
        "graceful-fs": "^4.2.0",
        "jsonfile": "^6.0.1",
        "universalify": "^2.0.0"
      }
    },
    "graceful-fs": {
      "version": "4.2.9",
      "resolved": "https://registry.npmjs.org/graceful-fs/-/graceful-fs-4.2.9.tgz",
      "integrity": "sha512-NtNxqUcXgpW2iMrfqSfR73Glt39K+BLwWsPs94yR63v45T0Wbej7eRmL5cWfwEgqXnmjQp3zaJTshdRW/qC2ZQ=="
    },
    "header-case": {
      "version": "2.0.4",
      "resolved": "https://registry.npmjs.org/header-case/-/header-case-2.0.4.tgz",
      "integrity": "sha512-H/vuk5TEEVZwrR0lp2zed9OCo1uAILMlx0JEMgC26rzyJJ3N1v6XkwHHXJQdR2doSjcGPM6OKPYoJgf0plJ11Q==",
      "requires": {
        "capital-case": "^1.0.4",
        "tslib": "^2.0.3"
      }
    },
    "inherits": {
      "version": "2.0.4",
      "resolved": "https://registry.npmjs.org/inherits/-/inherits-2.0.4.tgz",
      "integrity": "sha512-k/vGaX4/Yla3WzyMCvTQOXYeIHvqOKtnqBduzTHpzpQZzAskKMhZ2K+EnBiSM9zGSoIFeMpXKxa4dYeZIQqewQ=="
    },
    "jsonfile": {
      "version": "6.1.0",
      "resolved": "https://registry.npmjs.org/jsonfile/-/jsonfile-6.1.0.tgz",
      "integrity": "sha512-5dgndWOriYSm5cnYaJNhalLNDKOqFwyDB/rr1E9ZsGciGvKPs8R2xYGCacuf3z6K1YKDz182fd+fY3cn3pMqXQ==",
      "requires": {
        "graceful-fs": "^4.1.6",
        "universalify": "^2.0.0"
      }
    },
    "lower-case": {
      "version": "2.0.2",
      "resolved": "https://registry.npmjs.org/lower-case/-/lower-case-2.0.2.tgz",
      "integrity": "sha512-7fm3l3NAF9WfN6W3JOmf5drwpVqX78JtoGJ3A6W0a6ZnldM41w2fV5D490psKFTpMds8TJse/eHLFFsNHHjHgg==",
      "requires": {
        "tslib": "^2.0.3"
      }
    },
    "mime": {
      "version": "2.6.0",
      "resolved": "https://registry.npmjs.org/mime/-/mime-2.6.0.tgz",
      "integrity": "sha512-USPkMeET31rOMiarsBNIHZKLGgvKc/LrjofAnBlOttf5ajRvqiRA8QsenbcooctK6d6Ts6aqZXBA+XbkKthiQg=="
    },
    "no-case": {
      "version": "3.0.4",
      "resolved": "https://registry.npmjs.org/no-case/-/no-case-3.0.4.tgz",
      "integrity": "sha512-fgAN3jGAh+RoxUGZHTSOLJIqUc2wmoBwGR4tbpNAKmmovFoWq0OdRkb0VkldReO2a2iBT/OEulG9XSUc10r3zg==",
      "requires": {
        "lower-case": "^2.0.2",
        "tslib": "^2.0.3"
      }
    },
    "param-case": {
      "version": "3.0.4",
      "resolved": "https://registry.npmjs.org/param-case/-/param-case-3.0.4.tgz",
      "integrity": "sha512-RXlj7zCYokReqWpOPH9oYivUzLYZ5vAPIfEmCTNViosC78F8F0H9y7T7gG2M39ymgutxF5gcFEsyZQSph9Bp3A==",
      "requires": {
        "dot-case": "^3.0.4",
        "tslib": "^2.0.3"
      }
    },
    "pascal-case": {
      "version": "3.1.2",
      "resolved": "https://registry.npmjs.org/pascal-case/-/pascal-case-3.1.2.tgz",
      "integrity": "sha512-uWlGT3YSnK9x3BQJaOdcZwrnV6hPpd8jFH1/ucpiLRPh/2zCVJKS19E4GvYHvaCcACn3foXZ0cLB9Wrx1KGe5g==",
      "requires": {
        "no-case": "^3.0.4",
        "tslib": "^2.0.3"
      }
    },
    "path-case": {
      "version": "3.0.4",
      "resolved": "https://registry.npmjs.org/path-case/-/path-case-3.0.4.tgz",
      "integrity": "sha512-qO4qCFjXqVTrcbPt/hQfhTQ+VhFsqNKOPtytgNKkKxSoEp3XPUQ8ObFuePylOIok5gjn69ry8XiULxCwot3Wfg==",
      "requires": {
        "dot-case": "^3.0.4",
        "tslib": "^2.0.3"
      }
    },
    "readable-stream": {
      "version": "3.6.0",
      "resolved": "https://registry.npmjs.org/readable-stream/-/readable-stream-3.6.0.tgz",
      "integrity": "sha512-BViHy7LKeTz4oNnkcLJ+lVSL6vpiFeX6/d3oSH8zCW7UxP2onchk+vTGB143xuFjHS3deTgkKoXXymXqymiIdA==",
      "requires": {
        "inherits": "^2.0.3",
        "string_decoder": "^1.1.1",
        "util-deprecate": "^1.0.1"
      }
    },
    "safe-buffer": {
      "version": "5.2.1",
      "resolved": "https://registry.npmjs.org/safe-buffer/-/safe-buffer-5.2.1.tgz",
      "integrity": "sha512-rp3So07KcdmmKbGvgaNxQSJr7bGVSVk5S9Eq1F+ppbRo70+YeaDxkw5Dd8NPN+GD6bjnYm2VuPuCXmpuYvmCXQ=="
    },
    "sentence-case": {
      "version": "3.0.4",
      "resolved": "https://registry.npmjs.org/sentence-case/-/sentence-case-3.0.4.tgz",
      "integrity": "sha512-8LS0JInaQMCRoQ7YUytAo/xUu5W2XnQxV2HI/6uM6U7CITS1RqPElr30V6uIqyMKM9lJGRVFy5/4CuzcixNYSg==",
      "requires": {
        "no-case": "^3.0.4",
        "tslib": "^2.0.3",
        "upper-case-first": "^2.0.2"
      }
    },
    "snake-case": {
      "version": "3.0.4",
      "resolved": "https://registry.npmjs.org/snake-case/-/snake-case-3.0.4.tgz",
      "integrity": "sha512-LAOh4z89bGQvl9pFfNF8V146i7o7/CqFPbqzYgP+yYzDIDeS9HaNFtXABamRW+AQzEVODcvE79ljJ+8a9YSdMg==",
      "requires": {
        "dot-case": "^3.0.4",
        "tslib": "^2.0.3"
      }
    },
    "stream": {
      "version": "0.0.2",
      "resolved": "https://registry.npmjs.org/stream/-/stream-0.0.2.tgz",
      "integrity": "sha1-f1Nj8Ff2WSxVlfALyAon9c7B8O8=",
      "requires": {
        "emitter-component": "^1.1.1"
      }
    },
    "string_decoder": {
      "version": "1.3.0",
      "resolved": "https://registry.npmjs.org/string_decoder/-/string_decoder-1.3.0.tgz",
      "integrity": "sha512-hkRX8U1WjJFd8LsDJ2yQ/wWWxaopEsABU1XfkM8A+j0+85JAGppt16cr1Whg6KIbb4okU6Mql6BOj+uup/wKeA==",
      "requires": {
        "safe-buffer": "~5.2.0"
      }
    },
    "tslib": {
      "version": "2.3.1",
      "resolved": "https://registry.npmjs.org/tslib/-/tslib-2.3.1.tgz",
      "integrity": "sha512-77EbyPPpMz+FRFRuAFlWMtmgUWGe9UOG2Z25NqCwiIjRhOf5iKGuzSe5P2w1laq+FkRy4p+PCuVkJSGkzTEKVw=="
    },
    "underscore": {
      "version": "1.13.2",
      "resolved": "https://registry.npmjs.org/underscore/-/underscore-1.13.2.tgz",
      "integrity": "sha512-ekY1NhRzq0B08g4bGuX4wd2jZx5GnKz6mKSqFL4nqBlfyMGiG10gDFhDTMEfYmDL6Jy0FUIZp7wiRB+0BP7J2g=="
    },
    "universalify": {
      "version": "2.0.0",
      "resolved": "https://registry.npmjs.org/universalify/-/universalify-2.0.0.tgz",
      "integrity": "sha512-hAZsKq7Yy11Zu1DE0OzWjw7nnLZmJZYTDZZyEFHZdUhV8FkH5MCfoU1XMaxXovpyW5nq5scPqq0ZDP9Zyl04oQ=="
    },
    "upper-case": {
      "version": "2.0.2",
      "resolved": "https://registry.npmjs.org/upper-case/-/upper-case-2.0.2.tgz",
      "integrity": "sha512-KgdgDGJt2TpuwBUIjgG6lzw2GWFRCW9Qkfkiv0DxqHHLYJHmtmdUIKcZd8rHgFSjopVTlw6ggzCm1b8MFQwikg==",
      "requires": {
        "tslib": "^2.0.3"
      }
    },
    "upper-case-first": {
      "version": "2.0.2",
      "resolved": "https://registry.npmjs.org/upper-case-first/-/upper-case-first-2.0.2.tgz",
      "integrity": "sha512-514ppYHBaKwfJRK/pNC6c/OxfGa0obSnAl106u97Ed0I625Nin96KAjttZF6ZL3e1XLtphxnqrOi9iWgm+u+bg==",
      "requires": {
        "tslib": "^2.0.3"
      }
    },
    "util-deprecate": {
      "version": "1.0.2",
      "resolved": "https://registry.npmjs.org/util-deprecate/-/util-deprecate-1.0.2.tgz",
      "integrity": "sha1-RQ1Nyfpw3nMnYvvS1KKJgUGaDM8="
    },
    "word2vec": {
      "version": "1.1.5",
      "resolved": "https://registry.npmjs.org/word2vec/-/word2vec-1.1.5.tgz",
      "integrity": "sha512-J/aXhDu+8cwhTQMD1lESuQo2eBpXMDU7e8gEr6hM6Fh7hnyAF3H12Nxao5r7X+tkox6PM4Tq0AXQ/S5Y3ExPzg==",
      "requires": {
        "change-case": "^4.1.2",
        "charm": "^1.0.0",
        "mime": "^2.4.0",
        "underscore": "^1.7.0"
      }
    }
  }
}
